
Microsoft Visual Studio Solution File, Format Version 12.00
# Visual Studio Version 16
VisualStudioVersion = 16.0.31515.178
MinimumVisualStudioVersion = 10.0.40219.1
Project("{FAE04EC0-301F-11D3-BF4B-00C04F79EFBC}") = "Cyber_Knights_Service", "Cyber_Knights_Service.csproj", "{18C21C4B-88EF-433C-8CA8-24BA2394E1B0}"
EndProject
Global
	GlobalSection(SolutionConfigurationPlatforms) = preSolution
		Debug|Any CPU = Debug|Any CPU
		Release|Any CPU = Release|Any CPU
	EndGlobalSection
	GlobalSection(ProjectConfigurationPlatforms) = postSolution
		{18C21C4B-88EF-433C-8CA8-24BA2394E1B0}.Debug|Any CPU.ActiveCfg = Debug|Any CPU
		{18C21C4B-88EF-433C-8CA8-24BA2394E1B0}.Debug|Any CPU.Build.0 = Debug|Any CPU
		{18C21C4B-88EF-433C-8CA8-24BA2394E1B0}.Release|Any CPU.ActiveCfg = Release|Any CPU
		{18C21C4B-88EF-433C-8CA8-24BA2394E1B0}.Release|Any CPU.Build.0 = Release|Any CPU
	EndGlobalSection
	GlobalSection(SolutionProperties) = preSolution
		HideSolutionNode = FALSE
	EndGlobalSection
	GlobalSection(ExtensibilityGlobals) = postSolution
		SolutionGuid = {65CBE0F4-5736-4E5E-993A-E8AF8BFA266D}
	EndGlobalSection
EndGlobal
